{
  "name": "modern_js_explained",
  "version": "1.0.0",
  "lockfileVersion": 1,
  "requires": true,
  "dependencies": {
    "moment": {
      "version": "2.23.0",
      "resolved": "https://artifacts.chdn.com/artifactory/api/npm/twinspires-node/moment/-/moment-2.23.0.tgz",
      "integrity": "sha1-dZ6kkayX1UusWtd2mW4qWMwbwiU="
    }
  }
}
